
Microsoft Visual Studio Solution File, Format Version 12.00
# Visual Studio 15
VisualStudioVersion = 15.0.28307.1231
MinimumVisualStudioVersion = 10.0.40219.1
Project("{FAE04EC0-301F-11D3-BF4B-00C04F79EFBC}") = "Pikachu_v4", "Pikachu_v4\Pikachu_v4.csproj", "{9DB90A70-ABC7-4371-BBAE-A9EF0DBD0C28}"
EndProject
Global
	GlobalSection(SolutionConfigurationPlatforms) = preSolution
		Debug|Any CPU = Debug|Any CPU
		Release|Any CPU = Release|Any CPU
	EndGlobalSection
	GlobalSection(ProjectConfigurationPlatforms) = postSolution
		{9DB90A70-ABC7-4371-BBAE-A9EF0DBD0C28}.Debug|Any CPU.ActiveCfg = Debug|Any CPU
		{9DB90A70-ABC7-4371-BBAE-A9EF0DBD0C28}.Debug|Any CPU.Build.0 = Debug|Any CPU
		{9DB90A70-ABC7-4371-BBAE-A9EF0DBD0C28}.Release|Any CPU.ActiveCfg = Release|Any CPU
		{9DB90A70-ABC7-4371-BBAE-A9EF0DBD0C28}.Release|Any CPU.Build.0 = Release|Any CPU
	EndGlobalSection
	GlobalSection(SolutionProperties) = preSolution
		HideSolutionNode = FALSE
	EndGlobalSection
	GlobalSection(ExtensibilityGlobals) = postSolution
		SolutionGuid = {55B13916-29AE-4C1A-A9AE-5FC595F2AC0C}
	EndGlobalSection
EndGlobal
